
Microsoft Visual Studio Solution File, Format Version 12.00
# Visual Studio Version 17
VisualStudioVersion = 17.0.32014.148
MinimumVisualStudioVersion = 10.0.40219.1
Project("{9A19103F-16F7-4668-BE54-9A1E7A4F7556}") = "JewelryStoreView", "JewelryStoreView\JewelryStoreView.csproj", "{D7E9CD65-1EFA-42BE-AB99-52FFCAE8D596}"
EndProject
Project("{9A19103F-16F7-4668-BE54-9A1E7A4F7556}") = "JewelryStoreContracts", "JewelryStoreContracts\JewelryStoreContracts.csproj", "{5D029E3F-F133-47E4-BAB5-46DEB03C5456}"
EndProject
Project("{9A19103F-16F7-4668-BE54-9A1E7A4F7556}") = "JewelryStoreBusinessLogic", "JewelryStoreBusinessLogic\JewelryStoreBusinessLogic.csproj", "{4BFA5C7F-F8E8-4A31-9286-0CEB2F7E04FB}"
EndProject
Project("{9A19103F-16F7-4668-BE54-9A1E7A4F7556}") = "JewelryStoreListImplement", "JewelryStoreListImplement\JewelryStoreListImplement.csproj", "{8BAB9ADC-3964-4C62-8DA1-0BF1D84025F5}"
EndProject
Project("{9A19103F-16F7-4668-BE54-9A1E7A4F7556}") = "JewelryStoreFileImplement", "JewelryStoreFileImplement\JewelryStoreFileImplement.csproj", "{9658A906-0267-40B9-ABF9-A2578C6BAE66}"
EndProject
Project("{FAE04EC0-301F-11D3-BF4B-00C04F79EFBC}") = "JewelryStoreDatabaseImplement", "JewelryStoreDatabaseImplement\JewelryStoreDatabaseImplement.csproj", "{EC5C469B-EAEA-42C9-A372-EF0E510917D0}"
EndProject
Global
	GlobalSection(SolutionConfigurationPlatforms) = preSolution
		Debug|Any CPU = Debug|Any CPU
		Release|Any CPU = Release|Any CPU
	EndGlobalSection
	GlobalSection(ProjectConfigurationPlatforms) = postSolution
		{D7E9CD65-1EFA-42BE-AB99-52FFCAE8D596}.Debug|Any CPU.ActiveCfg = Debug|Any CPU
		{D7E9CD65-1EFA-42BE-AB99-52FFCAE8D596}.Debug|Any CPU.Build.0 = Debug|Any CPU
		{D7E9CD65-1EFA-42BE-AB99-52FFCAE8D596}.Release|Any CPU.ActiveCfg = Release|Any CPU
		{D7E9CD65-1EFA-42BE-AB99-52FFCAE8D596}.Release|Any CPU.Build.0 = Release|Any CPU
		{5D029E3F-F133-47E4-BAB5-46DEB03C5456}.Debug|Any CPU.ActiveCfg = Debug|Any CPU
		{5D029E3F-F133-47E4-BAB5-46DEB03C5456}.Debug|Any CPU.Build.0 = Debug|Any CPU
		{5D029E3F-F133-47E4-BAB5-46DEB03C5456}.Release|Any CPU.ActiveCfg = Release|Any CPU
		{5D029E3F-F133-47E4-BAB5-46DEB03C5456}.Release|Any CPU.Build.0 = Release|Any CPU
		{4BFA5C7F-F8E8-4A31-9286-0CEB2F7E04FB}.Debug|Any CPU.ActiveCfg = Debug|Any CPU
		{4BFA5C7F-F8E8-4A31-9286-0CEB2F7E04FB}.Debug|Any CPU.Build.0 = Debug|Any CPU
		{4BFA5C7F-F8E8-4A31-9286-0CEB2F7E04FB}.Release|Any CPU.ActiveCfg = Release|Any CPU
		{4BFA5C7F-F8E8-4A31-9286-0CEB2F7E04FB}.Release|Any CPU.Build.0 = Release|Any CPU
		{8BAB9ADC-3964-4C62-8DA1-0BF1D84025F5}.Debug|Any CPU.ActiveCfg = Debug|Any CPU
		{8BAB9ADC-3964-4C62-8DA1-0BF1D84025F5}.Debug|Any CPU.Build.0 = Debug|Any CPU
		{8BAB9ADC-3964-4C62-8DA1-0BF1D84025F5}.Release|Any CPU.ActiveCfg = Release|Any CPU
		{8BAB9ADC-3964-4C62-8DA1-0BF1D84025F5}.Release|Any CPU.Build.0 = Release|Any CPU
		{9658A906-0267-40B9-ABF9-A2578C6BAE66}.Debug|Any CPU.ActiveCfg = Debug|Any CPU
		{9658A906-0267-40B9-ABF9-A2578C6BAE66}.Debug|Any CPU.Build.0 = Debug|Any CPU
		{9658A906-0267-40B9-ABF9-A2578C6BAE66}.Release|Any CPU.ActiveCfg = Release|Any CPU
		{9658A906-0267-40B9-ABF9-A2578C6BAE66}.Release|Any CPU.Build.0 = Release|Any CPU
		{EC5C469B-EAEA-42C9-A372-EF0E510917D0}.Debug|Any CPU.ActiveCfg = Debug|Any CPU
		{EC5C469B-EAEA-42C9-A372-EF0E510917D0}.Debug|Any CPU.Build.0 = Debug|Any CPU
		{EC5C469B-EAEA-42C9-A372-EF0E510917D0}.Release|Any CPU.ActiveCfg = Release|Any CPU
		{EC5C469B-EAEA-42C9-A372-EF0E510917D0}.Release|Any CPU.Build.0 = Release|Any CPU
	EndGlobalSection
	GlobalSection(SolutionProperties) = preSolution
		HideSolutionNode = FALSE
	EndGlobalSection
	GlobalSection(ExtensibilityGlobals) = postSolution
		SolutionGuid = {826C9213-0A40-46CB-AA5F-4816EC661990}
	EndGlobalSection
EndGlobal
